
Microsoft Visual Studio Solution File, Format Version 12.00
# Visual Studio 2012
Project("{FAE04EC0-301F-11D3-BF4B-00C04F79EFBC}") = "RGBWindows", "RGBWindows\RGBWindows.csproj", "{7DA81053-4543-418F-B8AF-8A742F96BA79}"
EndProject
Global
	GlobalSection(SolutionConfigurationPlatforms) = preSolution
		Debug|Any CPU = Debug|Any CPU
		Release|Any CPU = Release|Any CPU
	EndGlobalSection
	GlobalSection(ProjectConfigurationPlatforms) = postSolution
		{7DA81053-4543-418F-B8AF-8A742F96BA79}.Debug|Any CPU.ActiveCfg = Debug|Any CPU
		{7DA81053-4543-418F-B8AF-8A742F96BA79}.Debug|Any CPU.Build.0 = Debug|Any CPU
		{7DA81053-4543-418F-B8AF-8A742F96BA79}.Release|Any CPU.ActiveCfg = Release|Any CPU
		{7DA81053-4543-418F-B8AF-8A742F96BA79}.Release|Any CPU.Build.0 = Release|Any CPU
	EndGlobalSection
	GlobalSection(SolutionProperties) = preSolution
		HideSolutionNode = FALSE
	EndGlobalSection
EndGlobal
